
Microsoft Visual Studio Solution File, Format Version 12.00
# Visual Studio 2012
Project("{FAE04EC0-301F-11D3-BF4B-00C04F79EFBC}") = "ConsoleApplication2.0", "ConsoleApplication2.0\ConsoleApplication2.0.csproj", "{59FA6783-7D2F-44F1-9D32-F7C5ABB2A6AB}"
EndProject
Global
	GlobalSection(SolutionConfigurationPlatforms) = preSolution
		Debug|Any CPU = Debug|Any CPU
		Release|Any CPU = Release|Any CPU
	EndGlobalSection
	GlobalSection(ProjectConfigurationPlatforms) = postSolution
		{59FA6783-7D2F-44F1-9D32-F7C5ABB2A6AB}.Debug|Any CPU.ActiveCfg = Debug|Any CPU
		{59FA6783-7D2F-44F1-9D32-F7C5ABB2A6AB}.Debug|Any CPU.Build.0 = Debug|Any CPU
		{59FA6783-7D2F-44F1-9D32-F7C5ABB2A6AB}.Release|Any CPU.ActiveCfg = Release|Any CPU
		{59FA6783-7D2F-44F1-9D32-F7C5ABB2A6AB}.Release|Any CPU.Build.0 = Release|Any CPU
	EndGlobalSection
	GlobalSection(SolutionProperties) = preSolution
		HideSolutionNode = FALSE
	EndGlobalSection
EndGlobal
